Microsoft Visual Studio Solution File, Format Version 12.00
# Visual Studio Version 17
VisualStudioVersion = 17.5.2.0
MinimumVisualStudioVersion = 10.0.40219.1
Project("{FAE04EC0-301F-11D3-BF4B-00C04F79EFBC}") = "SIPS.ISO20022", "SIPS.ISO20022\SIPS.ISO20022.csproj", "{FC872EB2-6559-81E0-C544-59670BE7374E}"
EndProject
Project("{FAE04EC0-301F-11D3-BF4B-00C04F79EFBC}") = "SIPS.Core", "SIPS.Core\SIPS.Core.csproj", "{2998F885-6B27-E60D-9EE6-BF58D6928C8B}"
EndProject
Project("{FAE04EC0-301F-11D3-BF4B-00C04F79EFBC}") = "SIPS.Emv", "SIPS.Emv\SIPS.Emv.csproj", "{1339BCE3-4599-C491-B129-F3DD866834E4}"
EndProject
Project("{FAE04EC0-301F-11D3-BF4B-00C04F79EFBC}") = "SIPS.XMLDsig.Xades", "SIPS.XMLDsig.Xades\SIPS.XMLDsig.Xades.csproj", "{B59E1CB4-ECB6-670A-E3E6-49F0CEB39116}"
EndProject
Project("{FAE04EC0-301F-11D3-BF4B-00C04F79EFBC}") = "SIPS.PostgreSQL", "SIPS.PostgreSQL\SIPS.PostgreSQL.csproj", "{15D0EF07-6D21-C7C0-5575-E13E5FD18185}"
EndProject
Project("{FAE04EC0-301F-11D3-BF4B-00C04F79EFBC}") = "SIPS.Adapter", "SIPS.Adapter\SIPS.Adapter.csproj", "{884C3380-F7F2-097D-E76A-AC975DE0AAAA}"
EndProject
Global
	GlobalSection(SolutionConfigurationPlatforms) = preSolution
		Debug|Any CPU = Debug|Any CPU
		Release|Any CPU = Release|Any CPU
	EndGlobalSection
	GlobalSection(ProjectConfigurationPlatforms) = postSolution
		{FC872EB2-6559-81E0-C544-59670BE7374E}.Debug|Any CPU.ActiveCfg = Debug|Any CPU
		{FC872EB2-6559-81E0-C544-59670BE7374E}.Debug|Any CPU.Build.0 = Debug|Any CPU
		{FC872EB2-6559-81E0-C544-59670BE7374E}.Release|Any CPU.ActiveCfg = Release|Any CPU
		{FC872EB2-6559-81E0-C544-59670BE7374E}.Release|Any CPU.Build.0 = Release|Any CPU
		{2998F885-6B27-E60D-9EE6-BF58D6928C8B}.Debug|Any CPU.ActiveCfg = Debug|Any CPU
		{2998F885-6B27-E60D-9EE6-BF58D6928C8B}.Debug|Any CPU.Build.0 = Debug|Any CPU
		{2998F885-6B27-E60D-9EE6-BF58D6928C8B}.Release|Any CPU.ActiveCfg = Release|Any CPU
		{2998F885-6B27-E60D-9EE6-BF58D6928C8B}.Release|Any CPU.Build.0 = Release|Any CPU
		{1339BCE3-4599-C491-B129-F3DD866834E4}.Debug|Any CPU.ActiveCfg = Debug|Any CPU
		{1339BCE3-4599-C491-B129-F3DD866834E4}.Debug|Any CPU.Build.0 = Debug|Any CPU
		{1339BCE3-4599-C491-B129-F3DD866834E4}.Release|Any CPU.ActiveCfg = Release|Any CPU
		{1339BCE3-4599-C491-B129-F3DD866834E4}.Release|Any CPU.Build.0 = Release|Any CPU
		{B59E1CB4-ECB6-670A-E3E6-49F0CEB39116}.Debug|Any CPU.ActiveCfg = Debug|Any CPU
		{B59E1CB4-ECB6-670A-E3E6-49F0CEB39116}.Debug|Any CPU.Build.0 = Debug|Any CPU
		{B59E1CB4-ECB6-670A-E3E6-49F0CEB39116}.Release|Any CPU.ActiveCfg = Release|Any CPU
		{B59E1CB4-ECB6-670A-E3E6-49F0CEB39116}.Release|Any CPU.Build.0 = Release|Any CPU
		{15D0EF07-6D21-C7C0-5575-E13E5FD18185}.Debug|Any CPU.ActiveCfg = Debug|Any CPU
		{15D0EF07-6D21-C7C0-5575-E13E5FD18185}.Debug|Any CPU.Build.0 = Debug|Any CPU
		{15D0EF07-6D21-C7C0-5575-E13E5FD18185}.Release|Any CPU.ActiveCfg = Release|Any CPU
		{15D0EF07-6D21-C7C0-5575-E13E5FD18185}.Release|Any CPU.Build.0 = Release|Any CPU
		{884C3380-F7F2-097D-E76A-AC975DE0AAAA}.Debug|Any CPU.ActiveCfg = Debug|Any CPU
		{884C3380-F7F2-097D-E76A-AC975DE0AAAA}.Debug|Any CPU.Build.0 = Debug|Any CPU
		{884C3380-F7F2-097D-E76A-AC975DE0AAAA}.Release|Any CPU.ActiveCfg = Release|Any CPU
		{884C3380-F7F2-097D-E76A-AC975DE0AAAA}.Release|Any CPU.Build.0 = Release|Any CPU
	EndGlobalSection
	GlobalSection(SolutionProperties) = preSolution
		HideSolutionNode = FALSE
	EndGlobalSection
	GlobalSection(ExtensibilityGlobals) = postSolution
		SolutionGuid = {29069B3A-BD81-4FC8-84F6-3EEA0813A193}
	EndGlobalSection
EndGlobal
