
Microsoft Visual Studio Solution File, Format Version 12.00
# Visual Studio Version 17
VisualStudioVersion = 17.0.31903.59
MinimumVisualStudioVersion = 10.0.40219.1
Project("{FAE04EC0-301F-11D3-BF4B-00C04F79EFBC}") = "SIPS.Connect", "SIPS.Connect\SIPS.Connect.csproj", "{1699F0F5-5916-4CD9-9BB3-7F5909B17385}"
EndProject
Project("{2150E333-8FDC-42A3-9474-1A3956D46DE8}") = "Packages", "Packages", "{14C0BB1E-AA14-4C18-B77D-8EB6DCF25CE9}"
EndProject
Project("{FAE04EC0-301F-11D3-BF4B-00C04F79EFBC}") = "SIPS.Core", "Packages\SIPS.Core\SIPS.Core.csproj", "{1B9DA759-362B-4FFB-A97A-E2432C7624EF}"
EndProject
Project("{FAE04EC0-301F-11D3-BF4B-00C04F79EFBC}") = "SIPS.ISO20022", "Packages\SIPS.ISO20022\SIPS.ISO20022.csproj", "{0CD1F23F-8B00-42CB-85FB-A5B99641057F}"
EndProject
Project("{FAE04EC0-301F-11D3-BF4B-00C04F79EFBC}") = "SIPS.Adapter", "Packages\SIPS.Adapter\SIPS.Adapter.csproj", "{D462615C-E5B1-4029-A58F-3D64D10D9AE8}"
EndProject
Project("{FAE04EC0-301F-11D3-BF4B-00C04F79EFBC}") = "SIPS.Emv", "Packages\SIPS.Emv\SIPS.Emv.csproj", "{B1680126-F6EF-4D6F-A3A6-CC3F02EEE167}"
EndProject
Project("{FAE04EC0-301F-11D3-BF4B-00C04F79EFBC}") = "SIPS.PostgreSQL", "Packages\SIPS.PostgreSQL\SIPS.PostgreSQL.csproj", "{0A4BBAE0-16D3-408F-BB1C-5405F540088F}"
EndProject
Project("{FAE04EC0-301F-11D3-BF4B-00C04F79EFBC}") = "SIPS.XMLDsig.Xades", "Packages\SIPS.XMLDsig.Xades\SIPS.XMLDsig.Xades.csproj", "{7E310BC5-D795-4B73-84BA-78FAF887D9C5}"
EndProject
Project("{FAE04EC0-301F-11D3-BF4B-00C04F79EFBC}") = "SIPS.Core.Tests", "Packages\SIPS.Core.Tests\SIPS.Core.Tests.csproj", "{5914C524-9A79-484E-AA9F-0A94C47D4F4B}"
EndProject
Global
	GlobalSection(SolutionConfigurationPlatforms) = preSolution
		Debug|Any CPU = Debug|Any CPU
		Debug|x64 = Debug|x64
		Debug|x86 = Debug|x86
		Release|Any CPU = Release|Any CPU
		Release|x64 = Release|x64
		Release|x86 = Release|x86
	EndGlobalSection
	GlobalSection(ProjectConfigurationPlatforms) = postSolution
		{1699F0F5-5916-4CD9-9BB3-7F5909B17385}.Debug|Any CPU.ActiveCfg = Debug|Any CPU
		{1699F0F5-5916-4CD9-9BB3-7F5909B17385}.Debug|Any CPU.Build.0 = Debug|Any CPU
		{1699F0F5-5916-4CD9-9BB3-7F5909B17385}.Debug|x64.ActiveCfg = Debug|Any CPU
		{1699F0F5-5916-4CD9-9BB3-7F5909B17385}.Debug|x64.Build.0 = Debug|Any CPU
		{1699F0F5-5916-4CD9-9BB3-7F5909B17385}.Debug|x86.ActiveCfg = Debug|Any CPU
		{1699F0F5-5916-4CD9-9BB3-7F5909B17385}.Debug|x86.Build.0 = Debug|Any CPU
		{1699F0F5-5916-4CD9-9BB3-7F5909B17385}.Release|Any CPU.ActiveCfg = Release|Any CPU
		{1699F0F5-5916-4CD9-9BB3-7F5909B17385}.Release|Any CPU.Build.0 = Release|Any CPU
		{1699F0F5-5916-4CD9-9BB3-7F5909B17385}.Release|x64.ActiveCfg = Release|Any CPU
		{1699F0F5-5916-4CD9-9BB3-7F5909B17385}.Release|x64.Build.0 = Release|Any CPU
		{1699F0F5-5916-4CD9-9BB3-7F5909B17385}.Release|x86.ActiveCfg = Release|Any CPU
		{1699F0F5-5916-4CD9-9BB3-7F5909B17385}.Release|x86.Build.0 = Release|Any CPU
		{1B9DA759-362B-4FFB-A97A-E2432C7624EF}.Debug|Any CPU.ActiveCfg = Debug|Any CPU
		{1B9DA759-362B-4FFB-A97A-E2432C7624EF}.Debug|Any CPU.Build.0 = Debug|Any CPU
		{1B9DA759-362B-4FFB-A97A-E2432C7624EF}.Debug|x64.ActiveCfg = Debug|Any CPU
		{1B9DA759-362B-4FFB-A97A-E2432C7624EF}.Debug|x64.Build.0 = Debug|Any CPU
		{1B9DA759-362B-4FFB-A97A-E2432C7624EF}.Debug|x86.ActiveCfg = Debug|Any CPU
		{1B9DA759-362B-4FFB-A97A-E2432C7624EF}.Debug|x86.Build.0 = Debug|Any CPU
		{1B9DA759-362B-4FFB-A97A-E2432C7624EF}.Release|Any CPU.ActiveCfg = Release|Any CPU
		{1B9DA759-362B-4FFB-A97A-E2432C7624EF}.Release|Any CPU.Build.0 = Release|Any CPU
		{1B9DA759-362B-4FFB-A97A-E2432C7624EF}.Release|x64.ActiveCfg = Release|Any CPU
		{1B9DA759-362B-4FFB-A97A-E2432C7624EF}.Release|x64.Build.0 = Release|Any CPU
		{1B9DA759-362B-4FFB-A97A-E2432C7624EF}.Release|x86.ActiveCfg = Release|Any CPU
		{1B9DA759-362B-4FFB-A97A-E2432C7624EF}.Release|x86.Build.0 = Release|Any CPU
		{0CD1F23F-8B00-42CB-85FB-A5B99641057F}.Debug|Any CPU.ActiveCfg = Debug|Any CPU
		{0CD1F23F-8B00-42CB-85FB-A5B99641057F}.Debug|Any CPU.Build.0 = Debug|Any CPU
		{0CD1F23F-8B00-42CB-85FB-A5B99641057F}.Debug|x64.ActiveCfg = Debug|Any CPU
		{0CD1F23F-8B00-42CB-85FB-A5B99641057F}.Debug|x64.Build.0 = Debug|Any CPU
		{0CD1F23F-8B00-42CB-85FB-A5B99641057F}.Debug|x86.ActiveCfg = Debug|Any CPU
		{0CD1F23F-8B00-42CB-85FB-A5B99641057F}.Debug|x86.Build.0 = Debug|Any CPU
		{0CD1F23F-8B00-42CB-85FB-A5B99641057F}.Release|Any CPU.ActiveCfg = Release|Any CPU
		{0CD1F23F-8B00-42CB-85FB-A5B99641057F}.Release|Any CPU.Build.0 = Release|Any CPU
		{0CD1F23F-8B00-42CB-85FB-A5B99641057F}.Release|x64.ActiveCfg = Release|Any CPU
		{0CD1F23F-8B00-42CB-85FB-A5B99641057F}.Release|x64.Build.0 = Release|Any CPU
		{0CD1F23F-8B00-42CB-85FB-A5B99641057F}.Release|x86.ActiveCfg = Release|Any CPU
		{0CD1F23F-8B00-42CB-85FB-A5B99641057F}.Release|x86.Build.0 = Release|Any CPU
		{D462615C-E5B1-4029-A58F-3D64D10D9AE8}.Debug|Any CPU.ActiveCfg = Debug|Any CPU
		{D462615C-E5B1-4029-A58F-3D64D10D9AE8}.Debug|Any CPU.Build.0 = Debug|Any CPU
		{D462615C-E5B1-4029-A58F-3D64D10D9AE8}.Debug|x64.ActiveCfg = Debug|Any CPU
		{D462615C-E5B1-4029-A58F-3D64D10D9AE8}.Debug|x64.Build.0 = Debug|Any CPU
		{D462615C-E5B1-4029-A58F-3D64D10D9AE8}.Debug|x86.ActiveCfg = Debug|Any CPU
		{D462615C-E5B1-4029-A58F-3D64D10D9AE8}.Debug|x86.Build.0 = Debug|Any CPU
		{D462615C-E5B1-4029-A58F-3D64D10D9AE8}.Release|Any CPU.ActiveCfg = Release|Any CPU
		{D462615C-E5B1-4029-A58F-3D64D10D9AE8}.Release|Any CPU.Build.0 = Release|Any CPU
		{D462615C-E5B1-4029-A58F-3D64D10D9AE8}.Release|x64.ActiveCfg = Release|Any CPU
		{D462615C-E5B1-4029-A58F-3D64D10D9AE8}.Release|x64.Build.0 = Release|Any CPU
		{D462615C-E5B1-4029-A58F-3D64D10D9AE8}.Release|x86.ActiveCfg = Release|Any CPU
		{D462615C-E5B1-4029-A58F-3D64D10D9AE8}.Release|x86.Build.0 = Release|Any CPU
		{B1680126-F6EF-4D6F-A3A6-CC3F02EEE167}.Debug|Any CPU.ActiveCfg = Debug|Any CPU
		{B1680126-F6EF-4D6F-A3A6-CC3F02EEE167}.Debug|Any CPU.Build.0 = Debug|Any CPU
		{B1680126-F6EF-4D6F-A3A6-CC3F02EEE167}.Debug|x64.ActiveCfg = Debug|Any CPU
		{B1680126-F6EF-4D6F-A3A6-CC3F02EEE167}.Debug|x64.Build.0 = Debug|Any CPU
		{B1680126-F6EF-4D6F-A3A6-CC3F02EEE167}.Debug|x86.ActiveCfg = Debug|Any CPU
		{B1680126-F6EF-4D6F-A3A6-CC3F02EEE167}.Debug|x86.Build.0 = Debug|Any CPU
		{B1680126-F6EF-4D6F-A3A6-CC3F02EEE167}.Release|Any CPU.ActiveCfg = Release|Any CPU
		{B1680126-F6EF-4D6F-A3A6-CC3F02EEE167}.Release|Any CPU.Build.0 = Release|Any CPU
		{B1680126-F6EF-4D6F-A3A6-CC3F02EEE167}.Release|x64.ActiveCfg = Release|Any CPU
		{B1680126-F6EF-4D6F-A3A6-CC3F02EEE167}.Release|x64.Build.0 = Release|Any CPU
		{B1680126-F6EF-4D6F-A3A6-CC3F02EEE167}.Release|x86.ActiveCfg = Release|Any CPU
		{B1680126-F6EF-4D6F-A3A6-CC3F02EEE167}.Release|x86.Build.0 = Release|Any CPU
		{0A4BBAE0-16D3-408F-BB1C-5405F540088F}.Debug|Any CPU.ActiveCfg = Debug|Any CPU
		{0A4BBAE0-16D3-408F-BB1C-5405F540088F}.Debug|Any CPU.Build.0 = Debug|Any CPU
		{0A4BBAE0-16D3-408F-BB1C-5405F540088F}.Debug|x64.ActiveCfg = Debug|Any CPU
		{0A4BBAE0-16D3-408F-BB1C-5405F540088F}.Debug|x64.Build.0 = Debug|Any CPU
		{0A4BBAE0-16D3-408F-BB1C-5405F540088F}.Debug|x86.ActiveCfg = Debug|Any CPU
		{0A4BBAE0-16D3-408F-BB1C-5405F540088F}.Debug|x86.Build.0 = Debug|Any CPU
		{0A4BBAE0-16D3-408F-BB1C-5405F540088F}.Release|Any CPU.ActiveCfg = Release|Any CPU
		{0A4BBAE0-16D3-408F-BB1C-5405F540088F}.Release|Any CPU.Build.0 = Release|Any CPU
		{0A4BBAE0-16D3-408F-BB1C-5405F540088F}.Release|x64.ActiveCfg = Release|Any CPU
		{0A4BBAE0-16D3-408F-BB1C-5405F540088F}.Release|x64.Build.0 = Release|Any CPU
		{0A4BBAE0-16D3-408F-BB1C-5405F540088F}.Release|x86.ActiveCfg = Release|Any CPU
		{0A4BBAE0-16D3-408F-BB1C-5405F540088F}.Release|x86.Build.0 = Release|Any CPU
		{7E310BC5-D795-4B73-84BA-78FAF887D9C5}.Debug|Any CPU.ActiveCfg = Debug|Any CPU
		{7E310BC5-D795-4B73-84BA-78FAF887D9C5}.Debug|Any CPU.Build.0 = Debug|Any CPU
		{7E310BC5-D795-4B73-84BA-78FAF887D9C5}.Debug|x64.ActiveCfg = Debug|Any CPU
		{7E310BC5-D795-4B73-84BA-78FAF887D9C5}.Debug|x64.Build.0 = Debug|Any CPU
		{7E310BC5-D795-4B73-84BA-78FAF887D9C5}.Debug|x86.ActiveCfg = Debug|Any CPU
		{7E310BC5-D795-4B73-84BA-78FAF887D9C5}.Debug|x86.Build.0 = Debug|Any CPU
		{7E310BC5-D795-4B73-84BA-78FAF887D9C5}.Release|Any CPU.ActiveCfg = Release|Any CPU
		{7E310BC5-D795-4B73-84BA-78FAF887D9C5}.Release|Any CPU.Build.0 = Release|Any CPU
		{7E310BC5-D795-4B73-84BA-78FAF887D9C5}.Release|x64.ActiveCfg = Release|Any CPU
		{7E310BC5-D795-4B73-84BA-78FAF887D9C5}.Release|x64.Build.0 = Release|Any CPU
		{7E310BC5-D795-4B73-84BA-78FAF887D9C5}.Release|x86.ActiveCfg = Release|Any CPU
		{7E310BC5-D795-4B73-84BA-78FAF887D9C5}.Release|x86.Build.0 = Release|Any CPU
		{5914C524-9A79-484E-AA9F-0A94C47D4F4B}.Debug|Any CPU.ActiveCfg = Debug|Any CPU
		{5914C524-9A79-484E-AA9F-0A94C47D4F4B}.Debug|Any CPU.Build.0 = Debug|Any CPU
		{5914C524-9A79-484E-AA9F-0A94C47D4F4B}.Debug|x64.ActiveCfg = Debug|Any CPU
		{5914C524-9A79-484E-AA9F-0A94C47D4F4B}.Debug|x64.Build.0 = Debug|Any CPU
		{5914C524-9A79-484E-AA9F-0A94C47D4F4B}.Debug|x86.ActiveCfg = Debug|Any CPU
		{5914C524-9A79-484E-AA9F-0A94C47D4F4B}.Debug|x86.Build.0 = Debug|Any CPU
		{5914C524-9A79-484E-AA9F-0A94C47D4F4B}.Release|Any CPU.ActiveCfg = Release|Any CPU
		{5914C524-9A79-484E-AA9F-0A94C47D4F4B}.Release|Any CPU.Build.0 = Release|Any CPU
		{5914C524-9A79-484E-AA9F-0A94C47D4F4B}.Release|x64.ActiveCfg = Release|Any CPU
		{5914C524-9A79-484E-AA9F-0A94C47D4F4B}.Release|x64.Build.0 = Release|Any CPU
		{5914C524-9A79-484E-AA9F-0A94C47D4F4B}.Release|x86.ActiveCfg = Release|Any CPU
		{5914C524-9A79-484E-AA9F-0A94C47D4F4B}.Release|x86.Build.0 = Release|Any CPU
	EndGlobalSection
	GlobalSection(SolutionProperties) = preSolution
		HideSolutionNode = FALSE
	EndGlobalSection
	GlobalSection(NestedProjects) = preSolution
		{1B9DA759-362B-4FFB-A97A-E2432C7624EF} = {14C0BB1E-AA14-4C18-B77D-8EB6DCF25CE9}
		{0CD1F23F-8B00-42CB-85FB-A5B99641057F} = {14C0BB1E-AA14-4C18-B77D-8EB6DCF25CE9}
		{D462615C-E5B1-4029-A58F-3D64D10D9AE8} = {14C0BB1E-AA14-4C18-B77D-8EB6DCF25CE9}
		{B1680126-F6EF-4D6F-A3A6-CC3F02EEE167} = {14C0BB1E-AA14-4C18-B77D-8EB6DCF25CE9}
		{0A4BBAE0-16D3-408F-BB1C-5405F540088F} = {14C0BB1E-AA14-4C18-B77D-8EB6DCF25CE9}
		{7E310BC5-D795-4B73-84BA-78FAF887D9C5} = {14C0BB1E-AA14-4C18-B77D-8EB6DCF25CE9}
		{5914C524-9A79-484E-AA9F-0A94C47D4F4B} = {14C0BB1E-AA14-4C18-B77D-8EB6DCF25CE9}
	EndGlobalSection
EndGlobal
